
Microsoft Visual Studio Solution File, Format Version 12.00
# Visual Studio Version 17
VisualStudioVersion = 17.2.32526.322
MinimumVisualStudioVersion = 10.0.40219.1
Project("{FAE04EC0-301F-11D3-BF4B-00C04F79EFBC}") = "JwtAuthApi", "JwtAuthApi\JwtAuthApi.csproj", "{8BDC94A6-FD42-44AA-9D71-B760510BA702}"
EndProject
Global
	GlobalSection(SolutionConfigurationPlatforms) = preSolution
		Debug|Any CPU = Debug|Any CPU
		Release|Any CPU = Release|Any CPU
	EndGlobalSection
	GlobalSection(ProjectConfigurationPlatforms) = postSolution
		{8BDC94A6-FD42-44AA-9D71-B760510BA702}.Debug|Any CPU.ActiveCfg = Debug|Any CPU
		{8BDC94A6-FD42-44AA-9D71-B760510BA702}.Debug|Any CPU.Build.0 = Debug|Any CPU
		{8BDC94A6-FD42-44AA-9D71-B760510BA702}.Release|Any CPU.ActiveCfg = Release|Any CPU
		{8BDC94A6-FD42-44AA-9D71-B760510BA702}.Release|Any CPU.Build.0 = Release|Any CPU
	EndGlobalSection
	GlobalSection(SolutionProperties) = preSolution
		HideSolutionNode = FALSE
	EndGlobalSection
	GlobalSection(ExtensibilityGlobals) = postSolution
		SolutionGuid = {BF69F412-0D76-4427-AC49-7DEA46FB8438}
	EndGlobalSection
EndGlobal
